
Microsoft Visual Studio Solution File, Format Version 12.00
# Visual Studio Version 16
VisualStudioVersion = 16.0.29230.47
MinimumVisualStudioVersion = 10.0.40219.1
Project("{FAE04EC0-301F-11D3-BF4B-00C04F79EFBC}") = "GroupCreatorControl", "GroupCreatorControl.csproj", "{7D85B626-336A-4117-B0BA-BCA00BF36068}"
EndProject
Project("{2150E333-8FDC-42A3-9474-1A3956D46DE8}") = "Solution Items", "Solution Items", "{37A4B65C-39C1-4C20-A52B-77BAECA7DCA5}"
EndProject
Global
	GlobalSection(SolutionConfigurationPlatforms) = preSolution
		Debug|Any CPU = Debug|Any CPU
		Release|Any CPU = Release|Any CPU
	EndGlobalSection
	GlobalSection(ProjectConfigurationPlatforms) = postSolution
		{7D85B626-336A-4117-B0BA-BCA00BF36068}.Debug|Any CPU.ActiveCfg = Debug|Any CPU
		{7D85B626-336A-4117-B0BA-BCA00BF36068}.Debug|Any CPU.Build.0 = Debug|Any CPU
		{7D85B626-336A-4117-B0BA-BCA00BF36068}.Release|Any CPU.ActiveCfg = Release|Any CPU
		{7D85B626-336A-4117-B0BA-BCA00BF36068}.Release|Any CPU.Build.0 = Release|Any CPU
	EndGlobalSection
	GlobalSection(SolutionProperties) = preSolution
		HideSolutionNode = FALSE
	EndGlobalSection
	GlobalSection(ExtensibilityGlobals) = postSolution
		SolutionGuid = {220FE5A6-0675-4D11-AB71-ECCA913383C1}
	EndGlobalSection
EndGlobal
